// !$*UTF8*$!
{
	archiveVersion = 1;
	classes = {
	};
	objectVersion = 50;
	objects = {

/* Begin PBXBuildFile section */
		312BD7A22405F51C00C20141 /* ProductsTableViewController.swift in Sources */ = {isa = PBXBuildFile; fileRef = 312BD7A12405F51C00C20141 /* ProductsTableViewController.swift */; };
		312BD7A42405F73E00C20141 /* UIViewController+Context.swift in Sources */ = {isa = PBXBuildFile; fileRef = 312BD7A32405F73E00C20141 /* UIViewController+Context.swift */; };
		312BD7A624060CB000C20141 /* ProductTableViewCell.swift in Sources */ = {isa = PBXBuildFile; fileRef = 312BD7A524060CB000C20141 /* ProductTableViewCell.swift */; };
		312BD7A82406122100C20141 /* Product+image.swift in Sources */ = {isa = PBXBuildFile; fileRef = 312BD7A72406122100C20141 /* Product+image.swift */; };
		68ADBD7923FDCC230037F47F /* AppDelegate.swift in Sources */ = {isa = PBXBuildFile; fileRef = 68ADBD7823FDCC230037F47F /* AppDelegate.swift */; };
		68ADBD7B23FDCC230037F47F /* SceneDelegate.swift in Sources */ = {isa = PBXBuildFile; fileRef = 68ADBD7A23FDCC230037F47F /* SceneDelegate.swift */; };
		68ADBD7D23FDCC230037F47F /* ViewController.swift in Sources */ = {isa = PBXBuildFile; fileRef = 68ADBD7C23FDCC230037F47F /* ViewController.swift */; };
		68ADBD8023FDCC230037F47F /* Main.storyboard in Resources */ = {isa = PBXBuildFile; fileRef = 68ADBD7E23FDCC230037F47F /* Main.storyboard */; };
		68ADBD8323FDCC230037F47F /* BestBuy.xcdatamodeld in Sources */ = {isa = PBXBuildFile; fileRef = 68ADBD8123FDCC230037F47F /* BestBuy.xcdatamodeld */; };
		68ADBD8523FDCC260037F47F /* Assets.xcassets in Resources */ = {isa = PBXBuildFile; fileRef = 68ADBD8423FDCC260037F47F /* Assets.xcassets */; };
		68ADBD8823FDCC260037F47F /* LaunchScreen.storyboard in Resources */ = {isa = PBXBuildFile; fileRef = 68ADBD8623FDCC260037F47F /* LaunchScreen.storyboard */; };
		68ADBD9323FDCC260037F47F /* BestBuyTests.swift in Sources */ = {isa = PBXBuildFile; fileRef = 68ADBD9223FDCC260037F47F /* BestBuyTests.swift */; };
/* End PBXBuildFile section */

/* Begin PBXContainerItemProxy section */
		68ADBD8F23FDCC260037F47F /* PBXContainerItemProxy */ = {
			isa = PBXContainerItemProxy;
			containerPortal = 68ADBD6D23FDCC230037F47F /* Project object */;
			proxyType = 1;
			remoteGlobalIDString = 68ADBD7423FDCC230037F47F;
			remoteInfo = BestBuy;
		};
/* End PBXContainerItemProxy section */

/* Begin PBXFileReference section */
		312BD7A12405F51C00C20141 /* ProductsTableViewController.swift */ = {isa = PBXFileReference; lastKnownFileType = sourcecode.swift; path = ProductsTableViewController.swift; sourceTree = "<group>"; };
		312BD7A32405F73E00C20141 /* UIViewController+Context.swift */ = {isa = PBXFileReference; lastKnownFileType = sourcecode.swift; path = "UIViewController+Context.swift"; sourceTree = "<group>"; };
		312BD7A524060CB000C20141 /* ProductTableViewCell.swift */ = {isa = PBXFileReference; lastKnownFileType = sourcecode.swift; path = ProductTableViewCell.swift; sourceTree = "<group>"; };
		312BD7A72406122100C20141 /* Product+image.swift */ = {isa = PBXFileReference; lastKnownFileType = sourcecode.swift; path = "Product+image.swift"; sourceTree = "<group>"; };
		68ADBD7523FDCC230037F47F /* BestBuy.app */ = {isa = PBXFileReference; explicitFileType = wrapper.application; includeInIndex = 0; path = BestBuy.app; sourceTree = BUILT_PRODUCTS_DIR; };
		68ADBD7823FDCC230037F47F /* AppDelegate.swift */ = {isa = PBXFileReference; lastKnownFileType = sourcecode.swift; path = AppDelegate.swift; sourceTree = "<group>"; };
		68ADBD7A23FDCC230037F47F /* SceneDelegate.swift */ = {isa = PBXFileReference; lastKnownFileType = sourcecode.swift; path = SceneDelegate.swift; sourceTree = "<group>"; };
		68ADBD7C23FDCC230037F47F /* ViewController.swift */ = {isa = PBXFileReference; lastKnownFileType = sourcecode.swift; path = ViewController.swift; sourceTree = "<group>"; };
		68ADBD7F23FDCC230037F47F /* Base */ = {isa = PBXFileReference; lastKnownFileType = file.storyboard; name = Base; path = Base.lproj/Main.storyboard; sourceTree = "<group>"; };
		68ADBD8223FDCC230037F47F /* BestBuy.xcdatamodel */ = {isa = PBXFileReference; lastKnownFileType = wrapper.xcdatamodel; path = BestBuy.xcdatamodel; sourceTree = "<group>"; };
		68ADBD8423FDCC260037F47F /* Assets.xcassets */ = {isa = PBXFileReference; lastKnownFileType = folder.assetcatalog; path = Assets.xcassets; sourceTree = "<group>"; };
		68ADBD8723FDCC260037F47F /* Base */ = {isa = PBXFileReference; lastKnownFileType = file.storyboard; name = Base; path = Base.lproj/LaunchScreen.storyboard; sourceTree = "<group>"; };
		68ADBD8923FDCC260037F47F /* Info.plist */ = {isa = PBXFileReference; lastKnownFileType = text.plist.xml; path = Info.plist; sourceTree = "<group>"; };
		68ADBD8E23FDCC260037F47F /* BestBuyTests.xctest */ = {isa = PBXFileReference; explicitFileType = wrapper.cfbundle; includeInIndex = 0; path = BestBuyTests.xctest; sourceTree = BUILT_PRODUCTS_DIR; };
		68ADBD9223FDCC260037F47F /* BestBuyTests.swift */ = {isa = PBXFileReference; lastKnownFileType = sourcecode.swift; path = BestBuyTests.swift; sourceTree = "<group>"; };
		68ADBD9423FDCC260037F47F /* Info.plist */ = {isa = PBXFileReference; lastKnownFileType = text.plist.xml; path = Info.plist; sourceTree = "<group>"; };
/* End PBXFileReference section */

/* Begin PBXFrameworksBuildPhase section */
		68ADBD7223FDCC230037F47F /* Frameworks */ = {
			isa = PBXFrameworksBuildPhase;
			buildActionMask = 2147483647;
			files = (
			);
			runOnlyForDeploymentPostprocessing = 0;
		};
		68ADBD8B23FDCC260037F47F /* Frameworks */ = {
			isa = PBXFrameworksBuildPhase;
			buildActionMask = 2147483647;
			files = (
			);
			runOnlyForDeploymentPostprocessing = 0;
		};
/* End PBXFrameworksBuildPhase section */

/* Begin PBXGroup section */
		68ADBD6C23FDCC230037F47F = {
			isa = PBXGroup;
			children = (
				68ADBD7723FDCC230037F47F /* BestBuy */,
				68ADBD9123FDCC260037F47F /* BestBuyTests */,
				68ADBD7623FDCC230037F47F /* Products */,
			);
			sourceTree = "<group>";
		};
		68ADBD7623FDCC230037F47F /* Products */ = {
			isa = PBXGroup;
			children = (
				68ADBD7523FDCC230037F47F /* BestBuy.app */,
				68ADBD8E23FDCC260037F47F /* BestBuyTests.xctest */,
			);
			name = Products;
			sourceTree = "<group>";
		};
		68ADBD7723FDCC230037F47F /* BestBuy */ = {
			isa = PBXGroup;
			children = (
				68ADBD7823FDCC230037F47F /* AppDelegate.swift */,
				68ADBD7A23FDCC230037F47F /* SceneDelegate.swift */,
				68ADBD7C23FDCC230037F47F /* ViewController.swift */,
				68ADBD7E23FDCC230037F47F /* Main.storyboard */,
				68ADBD8423FDCC260037F47F /* Assets.xcassets */,
				68ADBD8623FDCC260037F47F /* LaunchScreen.storyboard */,
				68ADBD8923FDCC260037F47F /* Info.plist */,
				68ADBD8123FDCC230037F47F /* BestBuy.xcdatamodeld */,
				312BD7A12405F51C00C20141 /* ProductsTableViewController.swift */,
				312BD7A32405F73E00C20141 /* UIViewController+Context.swift */,
				312BD7A524060CB000C20141 /* ProductTableViewCell.swift */,
				312BD7A72406122100C20141 /* Product+image.swift */,
			);
			path = BestBuy;
			sourceTree = "<group>";
		};
		68ADBD9123FDCC260037F47F /* BestBuyTests */ = {
			isa = PBXGroup;
			children = (
				68ADBD9223FDCC260037F47F /* BestBuyTests.swift */,
				68ADBD9423FDCC260037F47F /* Info.plist */,
			);
			path = BestBuyTests;
			sourceTree = "<group>";
		};
/* End PBXGroup section */

/* Begin PBXNativeTarget section */
		68ADBD7423FDCC230037F47F /* BestBuy */ = {
			isa = PBXNativeTarget;
			buildConfigurationList = 68ADBD9723FDCC260037F47F /* Build configuration list for PBXNativeTarget "BestBuy" */;
			buildPhases = (
				68ADBD7123FDCC230037F47F /* Sources */,
				68ADBD7223FDCC230037F47F /* Frameworks */,
				68ADBD7323FDCC230037F47F /* Resources */,
			);
			buildRules = (
			);
			dependencies = (
			);
			name = BestBuy;
			productName = BestBuy;
			productReference = 68ADBD7523FDCC230037F47F /* BestBuy.app */;
			productType = "com.apple.product-type.application";
		};
		68ADBD8D23FDCC260037F47F /* BestBuyTests */ = {
			isa = PBXNativeTarget;
			buildConfigurationList = 68ADBD9A23FDCC260037F47F /* Build configuration list for PBXNativeTarget "BestBuyTests" */;
			buildPhases = (
				68ADBD8A23FDCC260037F47F /* Sources */,
				68ADBD8B23FDCC260037F47F /* Frameworks */,
				68ADBD8C23FDCC260037F47F /* Resources */,
			);
			buildRules = (
			);
			dependencies = (
				68ADBD9023FDCC260037F47F /* PBXTargetDependency */,
			);
			name = BestBuyTests;
			productName = BestBuyTests;
			productReference = 68ADBD8E23FDCC260037F47F /* BestBuyTests.xctest */;
			productType = "com.apple.product-type.bundle.unit-test";
		};
/* End PBXNativeTarget section */

/* Begin PBXProject section */
		68ADBD6D23FDCC230037F47F /* Project object */ = {
			isa = PBXProject;
			attributes = {
				LastSwiftUpdateCheck = 1130;
				LastUpgradeCheck = 1130;
				ORGANIZATIONNAME = fiap;
				TargetAttributes = {
					68ADBD7423FDCC230037F47F = {
						CreatedOnToolsVersion = 11.3.1;
					};
					68ADBD8D23FDCC260037F47F = {
						CreatedOnToolsVersion = 11.3.1;
						TestTargetID = 68ADBD7423FDCC230037F47F;
					};
				};
			};
			buildConfigurationList = 68ADBD7023FDCC230037F47F /* Build configuration list for PBXProject "BestBuy" */;
			compatibilityVersion = "Xcode 9.3";
			developmentRegion = en;
			hasScannedForEncodings = 0;
			knownRegions = (
				en,
				Base,
			);
			mainGroup = 68ADBD6C23FDCC230037F47F;
			productRefGroup = 68ADBD7623FDCC230037F47F /* Products */;
			projectDirPath = "";
			projectRoot = "";
			targets = (
				68ADBD7423FDCC230037F47F /* BestBuy */,
				68ADBD8D23FDCC260037F47F /* BestBuyTests */,
			);
		};
/* End PBXProject section */

/* Begin PBXResourcesBuildPhase section */
		68ADBD7323FDCC230037F47F /* Resources */ = {
			isa = PBXResourcesBuildPhase;
			buildActionMask = 2147483647;
			files = (
				68ADBD8823FDCC260037F47F /* LaunchScreen.storyboard in Resources */,
				68ADBD8523FDCC260037F47F /* Assets.xcassets in Resources */,
				68ADBD8023FDCC230037F47F /* Main.storyboard in Resources */,
			);
			runOnlyForDeploymentPostprocessing = 0;
		};
		68ADBD8C23FDCC260037F47F /* Resources */ = {
			isa = PBXResourcesBuildPhase;
			buildActionMask = 2147483647;
			files = (
			);
			runOnlyForDeploymentPostprocessing = 0;
		};
/* End PBXResourcesBuildPhase section */

/* Begin PBXSourcesBuildPhase section */
		68ADBD7123FDCC230037F47F /* Sources */ = {
			isa = PBXSourcesBuildPhase;
			buildActionMask = 2147483647;
			files = (
				68ADBD7D23FDCC230037F47F /* ViewController.swift in Sources */,
				68ADBD7923FDCC230037F47F /* AppDelegate.swift in Sources */,
				312BD7A624060CB000C20141 /* ProductTableViewCell.swift in Sources */,
				312BD7A42405F73E00C20141 /* UIViewController+Context.swift in Sources */,
				68ADBD8323FDCC230037F47F /* BestBuy.xcdatamodeld in Sources */,
				312BD7A82406122100C20141 /* Product+image.swift in Sources */,
				68ADBD7B23FDCC230037F47F /* SceneDelegate.swift in Sources */,
				312BD7A22405F51C00C20141 /* ProductsTableViewController.swift in Sources */,
			);
			runOnlyForDeploymentPostprocessing = 0;
		};
		68ADBD8A23FDCC260037F47F /* Sources */ = {
			isa = PBXSourcesBuildPhase;
			buildActionMask = 2147483647;
			files = (
				68ADBD9323FDCC260037F47F /* BestBuyTests.swift in Sources */,
			);
			runOnlyForDeploymentPostprocessing = 0;
		};
/* End PBXSourcesBuildPhase section */

/* Begin PBXTargetDependency section */
		68ADBD9023FDCC260037F47F /* PBXTargetDependency */ = {
			isa = PBXTargetDependency;
			target = 68ADBD7423FDCC230037F47F /* BestBuy */;
			targetProxy = 68ADBD8F23FDCC260037F47F /* PBXContainerItemProxy */;
		};
/* End PBXTargetDependency section */

/* Begin PBXVariantGroup section */
		68ADBD7E23FDCC230037F47F /* Main.storyboard */ = {
			isa = PBXVariantGroup;
			children = (
				68ADBD7F23FDCC230037F47F /* Base */,
			);
			name = Main.storyboard;
			sourceTree = "<group>";
		};
		68ADBD8623FDCC260037F47F /* LaunchScreen.storyboard */ = {
			isa = PBXVariantGroup;
			children = (
				68ADBD8723FDCC260037F47F /* Base */,
			);
			name = LaunchScreen.storyboard;
			sourceTree = "<group>";
		};
/* End PBXVariantGroup section */

/* Begin XCBuildConfiguration section */
		68ADBD9523FDCC260037F47F /* Debug */ = {
			isa = XCBuildConfiguration;
			buildSettings = {
				ALWAYS_SEARCH_USER_PATHS = NO;
				CLANG_ANALYZER_NONNULL = YES;
				CLANG_ANALYZER_NUMBER_OBJECT_CONVERSION = YES_AGGRESSIVE;
				CLANG_CXX_LANGUAGE_STANDARD = "gnu++14";
				CLANG_CXX_LIBRARY = "libc++";
				CLANG_ENABLE_MODULES = YES;
				CLANG_ENABLE_OBJC_ARC = YES;
				CLANG_ENABLE_OBJC_WEAK = YES;
				CLANG_WARN_BLOCK_CAPTURE_AUTORELEASING = YES;
				CLANG_WARN_BOOL_CONVERSION = YES;
				CLANG_WARN_COMMA = YES;
				CLANG_WARN_CONSTANT_CONVERSION = YES;
				CLANG_WARN_DEPRECATED_OBJC_IMPLEMENTATIONS = YES;
				CLANG_WARN_DIRECT_OBJC_ISA_USAGE = YES_ERROR;
				CLANG_WARN_DOCUMENTATION_COMMENTS = YES;
				CLANG_WARN_EMPTY_BODY = YES;
				CLANG_WARN_ENUM_CONVERSION = YES;
				CLANG_WARN_INFINITE_RECURSION = YES;
				CLANG_WARN_INT_CONVERSION = YES;
				CLANG_WARN_NON_LITERAL_NULL_CONVERSION = YES;
				CLANG_WARN_OBJC_IMPLICIT_RETAIN_SELF = YES;
				CLANG_WARN_OBJC_LITERAL_CONVERSION = YES;
				CLANG_WARN_OBJC_ROOT_CLASS = YES_ERROR;
				CLANG_WARN_RANGE_LOOP_ANALYSIS = YES;
				CLANG_WARN_STRICT_PROTOTYPES = YES;
				CLANG_WARN_SUSPICIOUS_MOVE = YES;
				CLANG_WARN_UNGUARDED_AVAILABILITY = YES_AGGRESSIVE;
				CLANG_WARN_UNREACHABLE_CODE = YES;
				CLANG_WARN__DUPLICATE_METHOD_MATCH = YES;
				COPY_PHASE_STRIP = NO;
				DEBUG_INFORMATION_FORMAT = dwarf;
				ENABLE_STRICT_OBJC_MSGSEND = YES;
				ENABLE_TESTABILITY = YES;
				GCC_C_LANGUAGE_STANDARD = gnu11;
				GCC_DYNAMIC_NO_PIC = NO;
				GCC_NO_COMMON_BLOCKS = YES;
				GCC_OPTIMIZATION_LEVEL = 0;
				GCC_PREPROCESSOR_DEFINITIONS = (
					"DEBUG=1",
					"$(inherited)",
				);
				GCC_WARN_64_TO_32_BIT_CONVERSION = YES;
				GCC_WARN_ABOUT_RETURN_TYPE = YES_ERROR;
				GCC_WARN_UNDECLARED_SELECTOR = YES;
				GCC_WARN_UNINITIALIZED_AUTOS = YES_AGGRESSIVE;
				GCC_WARN_UNUSED_FUNCTION = YES;
				GCC_WARN_UNUSED_VARIABLE = YES;
				IPHONEOS_DEPLOYMENT_TARGET = 13.2;
				MTL_ENABLE_DEBUG_INFO = INCLUDE_SOURCE;
				MTL_FAST_MATH = YES;
				ONLY_ACTIVE_ARCH = YES;
				SDKROOT = iphoneos;
				SWIFT_ACTIVE_COMPILATION_CONDITIONS = DEBUG;
				SWIFT_OPTIMIZATION_LEVEL = "-Onone";
			};
			name = Debug;
		};
		68ADBD9623FDCC260037F47F /* Release */ = {
			isa = XCBuildConfiguration;
			buildSettings = {
				ALWAYS_SEARCH_USER_PATHS = NO;
				CLANG_ANALYZER_NONNULL = YES;
				CLANG_ANALYZER_NUMBER_OBJECT_CONVERSION = YES_AGGRESSIVE;
				CLANG_CXX_LANGUAGE_STANDARD = "gnu++14";
				CLANG_CXX_LIBRARY = "libc++";
				CLANG_ENABLE_MODULES = YES;
				CLANG_ENABLE_OBJC_ARC = YES;
				CLANG_ENABLE_OBJC_WEAK = YES;
				CLANG_WARN_BLOCK_CAPTURE_AUTORELEASING = YES;
				CLANG_WARN_BOOL_CONVERSION = YES;
				CLANG_WARN_COMMA = YES;
				CLANG_WARN_CONSTANT_CONVERSION = YES;
				CLANG_WARN_DEPRECATED_OBJC_IMPLEMENTATIONS = YES;
				CLANG_WARN_DIRECT_OBJC_ISA_USAGE = YES_ERROR;
				CLANG_WARN_DOCUMENTATION_COMMENTS = YES;
				CLANG_WARN_EMPTY_BODY = YES;
				CLANG_WARN_ENUM_CONVERSION = YES;
				CLANG_WARN_INFINITE_RECURSION = YES;
				CLANG_WARN_INT_CONVERSION = YES;
				CLANG_WARN_NON_LITERAL_NULL_CONVERSION = YES;
				CLANG_WARN_OBJC_IMPLICIT_RETAIN_SELF = YES;
				CLANG_WARN_OBJC_LITERAL_CONVERSION = YES;
				CLANG_WARN_OBJC_ROOT_CLASS = YES_ERROR;
				CLANG_WARN_RANGE_LOOP_ANALYSIS = YES;
				CLANG_WARN_STRICT_PROTOTYPES = YES;
				CLANG_WARN_SUSPICIOUS_MOVE = YES;
				CLANG_WARN_UNGUARDED_AVAILABILITY = YES_AGGRESSIVE;
				CLANG_WARN_UNREACHABLE_CODE = YES;
				CLANG_WARN__DUPLICATE_METHOD_MATCH = YES;
				COPY_PHASE_STRIP = NO;
				DEBUG_INFORMATION_FORMAT = "dwarf-with-dsym";
				ENABLE_NS_ASSERTIONS = NO;
				ENABLE_STRICT_OBJC_MSGSEND = YES;
				GCC_C_LANGUAGE_STANDARD = gnu11;
				GCC_NO_COMMON_BLOCKS = YES;
				GCC_WARN_64_TO_32_BIT_CONVERSION = YES;
				GCC_WARN_ABOUT_RETURN_TYPE = YES_ERROR;
				GCC_WARN_UNDECLARED_SELECTOR = YES;
				GCC_WARN_UNINITIALIZED_AUTOS = YES_AGGRESSIVE;
				GCC_WARN_UNUSED_FUNCTION = YES;
				GCC_WARN_UNUSED_VARIABLE = YES;
				IPHONEOS_DEPLOYMENT_TARGET = 13.2;
				MTL_ENABLE_DEBUG_INFO = NO;
				MTL_FAST_MATH = YES;
				SDKROOT = iphoneos;
				SWIFT_COMPILATION_MODE = wholemodule;
				SWIFT_OPTIMIZATION_LEVEL = "-O";
				VALIDATE_PRODUCT = YES;
			};
			name = Release;
		};
		68ADBD9823FDCC260037F47F /* Debug */ = {
			isa = XCBuildConfiguration;
			buildSettings = {
				ASSETCATALOG_COMPILER_APPICON_NAME = AppIcon;
				CODE_SIGN_STYLE = Automatic;
				DEVELOPMENT_TEAM = S7U8TZ84C4;
				INFOPLIST_FILE = BestBuy/Info.plist;
				LD_RUNPATH_SEARCH_PATHS = (
					"$(inherited)",
					"@executable_path/Frameworks",
				);
				PRODUCT_BUNDLE_IDENTIFIER = br.com.fiap.BestBuy;
				PRODUCT_NAME = "$(TARGET_NAME)";
				SWIFT_VERSION = 5.0;
				TARGETED_DEVICE_FAMILY = "1,2";
			};
			name = Debug;
		};
		68ADBD9923FDCC260037F47F /* Release */ = {
			isa = XCBuildConfiguration;
			buildSettings = {
				ASSETCATALOG_COMPILER_APPICON_NAME = AppIcon;
				CODE_SIGN_STYLE = Automatic;
				DEVELOPMENT_TEAM = S7U8TZ84C4;
				INFOPLIST_FILE = BestBuy/Info.plist;
				LD_RUNPATH_SEARCH_PATHS = (
					"$(inherited)",
					"@executable_path/Frameworks",
				);
				PRODUCT_BUNDLE_IDENTIFIER = br.com.fiap.BestBuy;
				PRODUCT_NAME = "$(TARGET_NAME)";
				SWIFT_VERSION = 5.0;
				TARGETED_DEVICE_FAMILY = "1,2";
			};
			name = Release;
		};
		68ADBD9B23FDCC260037F47F /* Debug */ = {
			isa = XCBuildConfiguration;
			buildSettings = {
				ALWAYS_EMBED_SWIFT_STANDARD_LIBRARIES = YES;
				BUNDLE_LOADER = "$(TEST_HOST)";
				CODE_SIGN_STYLE = Automatic;
				DEVELOPMENT_TEAM = S7U8TZ84C4;
				INFOPLIST_FILE = BestBuyTests/Info.plist;
				IPHONEOS_DEPLOYMENT_TARGET = 13.2;
				LD_RUNPATH_SEARCH_PATHS = (
					"$(inherited)",
					"@executable_path/Frameworks",
					"@loader_path/Frameworks",
				);
				PRODUCT_BUNDLE_IDENTIFIER = br.com.fiap.BestBuyTests;
				PRODUCT_NAME = "$(TARGET_NAME)";
				SWIFT_VERSION = 5.0;
				TARGETED_DEVICE_FAMILY = "1,2";
				TEST_HOST = "$(BUILT_PRODUCTS_DIR)/BestBuy.app/BestBuy";
			};
			name = Debug;
		};
		68ADBD9C23FDCC260037F47F /* Release */ = {
			isa = XCBuildConfiguration;
			buildSettings = {
				ALWAYS_EMBED_SWIFT_STANDARD_LIBRARIES = YES;
				BUNDLE_LOADER = "$(TEST_HOST)";
				CODE_SIGN_STYLE = Automatic;
				DEVELOPMENT_TEAM = S7U8TZ84C4;
				INFOPLIST_FILE = BestBuyTests/Info.plist;
				IPHONEOS_DEPLOYMENT_TARGET = 13.2;
				LD_RUNPATH_SEARCH_PATHS = (
					"$(inherited)",
					"@executable_path/Frameworks",
					"@loader_path/Frameworks",
				);
				PRODUCT_BUNDLE_IDENTIFIER = br.com.fiap.BestBuyTests;
				PRODUCT_NAME = "$(TARGET_NAME)";
				SWIFT_VERSION = 5.0;
				TARGETED_DEVICE_FAMILY = "1,2";
				TEST_HOST = "$(BUILT_PRODUCTS_DIR)/BestBuy.app/BestBuy";
			};
			name = Release;
		};
/* End XCBuildConfiguration section */

/* Begin XCConfigurationList section */
		68ADBD7023FDCC230037F47F /* Build configuration list for PBXProject "BestBuy" */ = {
			isa = XCConfigurationList;
			buildConfigurations = (
				68ADBD9523FDCC260037F47F /* Debug */,
				68ADBD9623FDCC260037F47F /* Release */,
			);
			defaultConfigurationIsVisible = 0;
			defaultConfigurationName = Release;
		};
		68ADBD9723FDCC260037F47F /* Build configuration list for PBXNativeTarget "BestBuy" */ = {
			isa = XCConfigurationList;
			buildConfigurations = (
				68ADBD9823FDCC260037F47F /* Debug */,
				68ADBD9923FDCC260037F47F /* Release */,
			);
			defaultConfigurationIsVisible = 0;
			defaultConfigurationName = Release;
		};
		68ADBD9A23FDCC260037F47F /* Build configuration list for PBXNativeTarget "BestBuyTests" */ = {
			isa = XCConfigurationList;
			buildConfigurations = (
				68ADBD9B23FDCC260037F47F /* Debug */,
				68ADBD9C23FDCC260037F47F /* Release */,
			);
			defaultConfigurationIsVisible = 0;
			defaultConfigurationName = Release;
		};
/* End XCConfigurationList section */

/* Begin XCVersionGroup section */
		68ADBD8123FDCC230037F47F /* BestBuy.xcdatamodeld */ = {
			isa = XCVersionGroup;
			children = (
				68ADBD8223FDCC230037F47F /* BestBuy.xcdatamodel */,
			);
			currentVersion = 68ADBD8223FDCC230037F47F /* BestBuy.xcdatamodel */;
			path = BestBuy.xcdatamodeld;
			sourceTree = "<group>";
			versionGroupType = wrapper.xcdatamodel;
		};
/* End XCVersionGroup section */
	};
	rootObject = 68ADBD6D23FDCC230037F47F /* Project object */;
}
